<?xml version="1.0" encoding="UTF-8" standalone="yes" ?>
<CodeBlocks_project_file>
	<FileVersion major="1" minor="6" />
	<Project>
		<Option title="TPAED" />
		<Option pch_mode="2" />
		<Option compiler="gcc" />
		<Build>
			<Target title="Debug">
				<Option output="bin/Debug/TPAED" prefix_auto="1" extension_auto="1" />
				<Option object_output="obj/Debug/" />
				<Option type="1" />
				<Option compiler="gcc" />
				<Compiler>
					<Add option="-g" />
					<Add directory="dependencias/curl-8.14.0_1-win64-mingw/include" />
				</Compiler>
				<Linker>
					<Add library="curl" />
					<Add directory="dependencias/curl-8.14.0_1-win64-mingw/lib" />
				</Linker>
			</Target>
			<Target title="Release">
				<Option output="bin/Release/TPAED" prefix_auto="1" extension_auto="1" />
				<Option object_output="obj/Release/" />
				<Option type="1" />
				<Option compiler="gcc" />
				<Compiler>
					<Add option="-O2" />
				</Compiler>
				<Linker>
					<Add option="-s" />
				</Linker>
			</Target>
		</Build>
		<Compiler>
			<Add option="-Wall" />
			<Add directory="C:/libs/curl-8.14.0_1-win64-mingw/include" />
		</Compiler>
		<Linker>
			<Add library="curl" />
			<Add directory="C:/libs/curl-8.14.0_1-win64-mingw/lib" />
		</Linker>
		<Unit filename="cJSON/cJSON.c">
			<Option compilerVar="CC" />
		</Unit>
		<Unit filename="cJSON/cJSON.h" />
		<Unit filename="config.h" />
		<Unit filename="helpers.c">
			<Option compilerVar="CC" />
		</Unit>
		<Unit filename="helpers.h" />
		<Unit filename="main.c">
			<Option compilerVar="CC" />
		</Unit>
		<Unit filename="requests.c">
			<Option compilerVar="CC" />
		</Unit>
		<Unit filename="requests.h" />
		<Unit filename="structs.h" />
		<Extensions />
	</Project>
</CodeBlocks_project_file>
