<?xml version="1.0" encoding="UTF-8" standalone="yes" ?>
<CodeBlocks_project_file>
	<FileVersion major="1" minor="6" />
	<Project>
		<Option title="TaCTi" />
		<Option pch_mode="2" />
		<Option compiler="gcc" />
		<Build>
			<Target title="Debug">
				<Option output="bin/Debug/TaCTi" prefix_auto="1" extension_auto="1" />
				<Option object_output="obj/Debug/" />
				<Option type="1" />
				<Option compiler="gcc" />
				<Compiler>
					<Add option="-g" />
				</Compiler>
				<Linker>
					<Add option="-lraylib -lopengl32 -lgdi32 -lwinmm" />
					<Add library="C:/raylib/w64devkit/x86_64-w64-mingw32/lib/libraylib.a" />
				</Linker>
			</Target>
			<Target title="Release">
				<Option output="bin/Release/TaCTi" prefix_auto="1" extension_auto="1" />
				<Option object_output="obj/Release/" />
				<Option type="1" />
				<Option compiler="gcc" />
				<Compiler>
					<Add option="-O2" />
				</Compiler>
				<Linker>
					<Add option="-s" />
				</Linker>
			</Target>
		</Build>
		<Compiler>
			<Add option="-Wall" />
		</Compiler>
		<Unit filename="libs/TDA_Lista.c">
			<Option compilerVar="CC" />
		</Unit>
		<Unit filename="libs/TDA_Lista.h" />
		<Unit filename="libs/board.c">
			<Option compilerVar="CC" />
		</Unit>
		<Unit filename="libs/board.h" />
		<Unit filename="libs/cJSON.c">
			<Option compilerVar="CC" />
		</Unit>
		<Unit filename="libs/cJSON.h" />
		<Unit filename="libs/data.c">
			<Option compilerVar="CC" />
		</Unit>
		<Unit filename="libs/data.h" />
		<Unit filename="libs/requests.c">
			<Option compilerVar="CC" />
		</Unit>
		<Unit filename="libs/requests.h" />
		<Unit filename="libs/screens.c">
			<Option compilerVar="CC" />
		</Unit>
		<Unit filename="libs/screens.h" />
		<Unit filename="main.c">
			<Option compilerVar="CC" />
		</Unit>
		<Unit filename="parameters.h" />
		<Extensions>
			<lib_finder disable_auto="1" />
		</Extensions>
	</Project>
</CodeBlocks_project_file>
